// !$*UTF8*$!
{
	archiveVersion = 1;
	classes = {
	};
	objectVersion = 46;
	objects = {

/* Begin PBXBuildFile section */
		6C4BA1C8D683E8590DD4623B /* libPods-PongUITests.a in Frameworks */ = {isa = PBXBuildFile; fileRef = BF9FAA441CE142B92F3F84F1 /* libPods-PongUITests.a */; };
		ABB9291B1F188273008D80AB /* AppDelegate.swift in Sources */ = {isa = PBXBuildFile; fileRef = ABB9291A1F188273008D80AB /* AppDelegate.swift */; };
		ABB9291D1F188273008D80AB /* GameScene.sks in Resources */ = {isa = PBXBuildFile; fileRef = ABB9291C1F188273008D80AB /* GameScene.sks */; };
		ABB9291F1F188273008D80AB /* Actions.sks in Resources */ = {isa = PBXBuildFile; fileRef = ABB9291E1F188273008D80AB /* Actions.sks */; };
		ABB929211F188273008D80AB /* GameScene.swift in Sources */ = {isa = PBXBuildFile; fileRef = ABB929201F188273008D80AB /* GameScene.swift */; };
		ABB929231F188273008D80AB /* GameViewController.swift in Sources */ = {isa = PBXBuildFile; fileRef = ABB929221F188273008D80AB /* GameViewController.swift */; };
		ABB929261F188273008D80AB /* Main.storyboard in Resources */ = {isa = PBXBuildFile; fileRef = ABB929241F188273008D80AB /* Main.storyboard */; };
		ABB929281F188273008D80AB /* Assets.xcassets in Resources */ = {isa = PBXBuildFile; fileRef = ABB929271F188273008D80AB /* Assets.xcassets */; };
		ABB9292B1F188273008D80AB /* LaunchScreen.storyboard in Resources */ = {isa = PBXBuildFile; fileRef = ABB929291F188273008D80AB /* LaunchScreen.storyboard */; };
		ABB929361F188273008D80AB /* PongTests.swift in Sources */ = {isa = PBXBuildFile; fileRef = ABB929351F188273008D80AB /* PongTests.swift */; };
		ABB929411F188273008D80AB /* PongUITests.swift in Sources */ = {isa = PBXBuildFile; fileRef = ABB929401F188273008D80AB /* PongUITests.swift */; };
		ABB9298F1F19B4ED008D80AB /* Pokemon Hollow.ttf in Resources */ = {isa = PBXBuildFile; fileRef = ABB9298E1F19B4ED008D80AB /* Pokemon Hollow.ttf */; };
		ABB929911F19C0C0008D80AB /* MenuVC.swift in Sources */ = {isa = PBXBuildFile; fileRef = ABB929901F19C0C0008D80AB /* MenuVC.swift */; };
		C1ADA80667A675147B91A628 /* libPods-Pong.a in Frameworks */ = {isa = PBXBuildFile; fileRef = 1D46FB72873E393D275F6079 /* libPods-Pong.a */; };
		D0FE832B995C71BBEEF9B76F /* libPods-PongTests.a in Frameworks */ = {isa = PBXBuildFile; fileRef = 4B7B092D4DF0AACDC4DC6B62 /* libPods-PongTests.a */; };
/* End PBXBuildFile section */

/* Begin PBXContainerItemProxy section */
		ABB929321F188273008D80AB /* PBXContainerItemProxy */ = {
			isa = PBXContainerItemProxy;
			containerPortal = ABB9290F1F188273008D80AB /* Project object */;
			proxyType = 1;
			remoteGlobalIDString = ABB929161F188273008D80AB;
			remoteInfo = Pong;
		};
		ABB9293D1F188273008D80AB /* PBXContainerItemProxy */ = {
			isa = PBXContainerItemProxy;
			containerPortal = ABB9290F1F188273008D80AB /* Project object */;
			proxyType = 1;
			remoteGlobalIDString = ABB929161F188273008D80AB;
			remoteInfo = Pong;
		};
/* End PBXContainerItemProxy section */

/* Begin PBXFileReference section */
		1D46FB72873E393D275F6079 /* libPods-Pong.a */ = {isa = PBXFileReference; explicitFileType = archive.ar; includeInIndex = 0; path = "libPods-Pong.a"; sourceTree = BUILT_PRODUCTS_DIR; };
		20BB1BD848BFBC47428C6F56 /* Pods-PongUITests.release.xcconfig */ = {isa = PBXFileReference; includeInIndex = 1; lastKnownFileType = text.xcconfig; name = "Pods-PongUITests.release.xcconfig"; path = "Pods/Target Support Files/Pods-PongUITests/Pods-PongUITests.release.xcconfig"; sourceTree = "<group>"; };
		3ACF0158477BF1307BB5E92E /* Pods-PongTests.release.xcconfig */ = {isa = PBXFileReference; includeInIndex = 1; lastKnownFileType = text.xcconfig; name = "Pods-PongTests.release.xcconfig"; path = "Pods/Target Support Files/Pods-PongTests/Pods-PongTests.release.xcconfig"; sourceTree = "<group>"; };
		4057EF3668748984F7C54252 /* Pods-Pong.release.xcconfig */ = {isa = PBXFileReference; includeInIndex = 1; lastKnownFileType = text.xcconfig; name = "Pods-Pong.release.xcconfig"; path = "Pods/Target Support Files/Pods-Pong/Pods-Pong.release.xcconfig"; sourceTree = "<group>"; };
		4B7B092D4DF0AACDC4DC6B62 /* libPods-PongTests.a */ = {isa = PBXFileReference; explicitFileType = archive.ar; includeInIndex = 0; path = "libPods-PongTests.a"; sourceTree = BUILT_PRODUCTS_DIR; };
		58FC3FA1D0D73D4D8D6EA6D7 /* Pods-PongUITests.debug.xcconfig */ = {isa = PBXFileReference; includeInIndex = 1; lastKnownFileType = text.xcconfig; name = "Pods-PongUITests.debug.xcconfig"; path = "Pods/Target Support Files/Pods-PongUITests/Pods-PongUITests.debug.xcconfig"; sourceTree = "<group>"; };
		953A86C3F5FB5F88CCC6014D /* Pods-Pong.debug.xcconfig */ = {isa = PBXFileReference; includeInIndex = 1; lastKnownFileType = text.xcconfig; name = "Pods-Pong.debug.xcconfig"; path = "Pods/Target Support Files/Pods-Pong/Pods-Pong.debug.xcconfig"; sourceTree = "<group>"; };
		ABB929171F188273008D80AB /* Pong.app */ = {isa = PBXFileReference; explicitFileType = wrapper.application; includeInIndex = 0; path = Pong.app; sourceTree = BUILT_PRODUCTS_DIR; };
		ABB9291A1F188273008D80AB /* AppDelegate.swift */ = {isa = PBXFileReference; lastKnownFileType = sourcecode.swift; path = AppDelegate.swift; sourceTree = "<group>"; };
		ABB9291C1F188273008D80AB /* GameScene.sks */ = {isa = PBXFileReference; lastKnownFileType = file.sks; path = GameScene.sks; sourceTree = "<group>"; };
		ABB9291E1F188273008D80AB /* Actions.sks */ = {isa = PBXFileReference; lastKnownFileType = file.sks; path = Actions.sks; sourceTree = "<group>"; };
		ABB929201F188273008D80AB /* GameScene.swift */ = {isa = PBXFileReference; lastKnownFileType = sourcecode.swift; path = GameScene.swift; sourceTree = "<group>"; };
		ABB929221F188273008D80AB /* GameViewController.swift */ = {isa = PBXFileReference; lastKnownFileType = sourcecode.swift; path = GameViewController.swift; sourceTree = "<group>"; };
		ABB929251F188273008D80AB /* Base */ = {isa = PBXFileReference; lastKnownFileType = file.storyboard; name = Base; path = Base.lproj/Main.storyboard; sourceTree = "<group>"; };
		ABB929271F188273008D80AB /* Assets.xcassets */ = {isa = PBXFileReference; lastKnownFileType = folder.assetcatalog; path = Assets.xcassets; sourceTree = "<group>"; };
		ABB9292A1F188273008D80AB /* Base */ = {isa = PBXFileReference; lastKnownFileType = file.storyboard; name = Base; path = Base.lproj/LaunchScreen.storyboard; sourceTree = "<group>"; };
		ABB9292C1F188273008D80AB /* Info.plist */ = {isa = PBXFileReference; lastKnownFileType = text.plist.xml; path = Info.plist; sourceTree = "<group>"; };
		ABB929311F188273008D80AB /* PongTests.xctest */ = {isa = PBXFileReference; explicitFileType = wrapper.cfbundle; includeInIndex = 0; path = PongTests.xctest; sourceTree = BUILT_PRODUCTS_DIR; };
		ABB929351F188273008D80AB /* PongTests.swift */ = {isa = PBXFileReference; lastKnownFileType = sourcecode.swift; path = PongTests.swift; sourceTree = "<group>"; };
		ABB929371F188273008D80AB /* Info.plist */ = {isa = PBXFileReference; lastKnownFileType = text.plist.xml; path = Info.plist; sourceTree = "<group>"; };
		ABB9293C1F188273008D80AB /* PongUITests.xctest */ = {isa = PBXFileReference; explicitFileType = wrapper.cfbundle; includeInIndex = 0; path = PongUITests.xctest; sourceTree = BUILT_PRODUCTS_DIR; };
		ABB929401F188273008D80AB /* PongUITests.swift */ = {isa = PBXFileReference; lastKnownFileType = sourcecode.swift; path = PongUITests.swift; sourceTree = "<group>"; };
		ABB929421F188273008D80AB /* Info.plist */ = {isa = PBXFileReference; lastKnownFileType = text.plist.xml; path = Info.plist; sourceTree = "<group>"; };
		ABB9298E1F19B4ED008D80AB /* Pokemon Hollow.ttf */ = {isa = PBXFileReference; lastKnownFileType = file; path = "Pokemon Hollow.ttf"; sourceTree = "<group>"; };
		ABB929901F19C0C0008D80AB /* MenuVC.swift */ = {isa = PBXFileReference; fileEncoding = 4; lastKnownFileType = sourcecode.swift; path = MenuVC.swift; sourceTree = "<group>"; };
		BF9FAA441CE142B92F3F84F1 /* libPods-PongUITests.a */ = {isa = PBXFileReference; explicitFileType = archive.ar; includeInIndex = 0; path = "libPods-PongUITests.a"; sourceTree = BUILT_PRODUCTS_DIR; };
		C84B11D88EFD914B619D9AF7 /* Pods-PongTests.debug.xcconfig */ = {isa = PBXFileReference; includeInIndex = 1; lastKnownFileType = text.xcconfig; name = "Pods-PongTests.debug.xcconfig"; path = "Pods/Target Support Files/Pods-PongTests/Pods-PongTests.debug.xcconfig"; sourceTree = "<group>"; };
/* End PBXFileReference section */

/* Begin PBXFrameworksBuildPhase section */
		ABB929141F188273008D80AB /* Frameworks */ = {
			isa = PBXFrameworksBuildPhase;
			buildActionMask = 2147483647;
			files = (
				C1ADA80667A675147B91A628 /* libPods-Pong.a in Frameworks */,
			);
			runOnlyForDeploymentPostprocessing = 0;
		};
		ABB9292E1F188273008D80AB /* Frameworks */ = {
			isa = PBXFrameworksBuildPhase;
			buildActionMask = 2147483647;
			files = (
				D0FE832B995C71BBEEF9B76F /* libPods-PongTests.a in Frameworks */,
			);
			runOnlyForDeploymentPostprocessing = 0;
		};
		ABB929391F188273008D80AB /* Frameworks */ = {
			isa = PBXFrameworksBuildPhase;
			buildActionMask = 2147483647;
			files = (
				6C4BA1C8D683E8590DD4623B /* libPods-PongUITests.a in Frameworks */,
			);
			runOnlyForDeploymentPostprocessing = 0;
		};
/* End PBXFrameworksBuildPhase section */

/* Begin PBXGroup section */
		ABB9290E1F188273008D80AB = {
			isa = PBXGroup;
			children = (
				ABB929191F188273008D80AB /* Pong */,
				ABB929341F188273008D80AB /* PongTests */,
				ABB9293F1F188273008D80AB /* PongUITests */,
				ABB929181F188273008D80AB /* Products */,
				F51DF646D53365392F92CDC8 /* Pods */,
				B8516D38E44DB0BD260C7564 /* Frameworks */,
			);
			sourceTree = "<group>";
		};
		ABB929181F188273008D80AB /* Products */ = {
			isa = PBXGroup;
			children = (
				ABB929171F188273008D80AB /* Pong.app */,
				ABB929311F188273008D80AB /* PongTests.xctest */,
				ABB9293C1F188273008D80AB /* PongUITests.xctest */,
			);
			name = Products;
			sourceTree = "<group>";
		};
		ABB929191F188273008D80AB /* Pong */ = {
			isa = PBXGroup;
			children = (
				ABB9298E1F19B4ED008D80AB /* Pokemon Hollow.ttf */,
				ABB9291A1F188273008D80AB /* AppDelegate.swift */,
				ABB9291C1F188273008D80AB /* GameScene.sks */,
				ABB9291E1F188273008D80AB /* Actions.sks */,
				ABB929201F188273008D80AB /* GameScene.swift */,
				ABB929221F188273008D80AB /* GameViewController.swift */,
				ABB929241F188273008D80AB /* Main.storyboard */,
				ABB929901F19C0C0008D80AB /* MenuVC.swift */,
				ABB929271F188273008D80AB /* Assets.xcassets */,
				ABB929291F188273008D80AB /* LaunchScreen.storyboard */,
				ABB9292C1F188273008D80AB /* Info.plist */,
			);
			path = Pong;
			sourceTree = "<group>";
		};
		ABB929341F188273008D80AB /* PongTests */ = {
			isa = PBXGroup;
			children = (
				ABB929351F188273008D80AB /* PongTests.swift */,
				ABB929371F188273008D80AB /* Info.plist */,
			);
			path = PongTests;
			sourceTree = "<group>";
		};
		ABB9293F1F188273008D80AB /* PongUITests */ = {
			isa = PBXGroup;
			children = (
				ABB929401F188273008D80AB /* PongUITests.swift */,
				ABB929421F188273008D80AB /* Info.plist */,
			);
			path = PongUITests;
			sourceTree = "<group>";
		};
		B8516D38E44DB0BD260C7564 /* Frameworks */ = {
			isa = PBXGroup;
			children = (
				1D46FB72873E393D275F6079 /* libPods-Pong.a */,
				4B7B092D4DF0AACDC4DC6B62 /* libPods-PongTests.a */,
				BF9FAA441CE142B92F3F84F1 /* libPods-PongUITests.a */,
			);
			name = Frameworks;
			sourceTree = "<group>";
		};
		F51DF646D53365392F92CDC8 /* Pods */ = {
			isa = PBXGroup;
			children = (
				953A86C3F5FB5F88CCC6014D /* Pods-Pong.debug.xcconfig */,
				4057EF3668748984F7C54252 /* Pods-Pong.release.xcconfig */,
				C84B11D88EFD914B619D9AF7 /* Pods-PongTests.debug.xcconfig */,
				3ACF0158477BF1307BB5E92E /* Pods-PongTests.release.xcconfig */,
				58FC3FA1D0D73D4D8D6EA6D7 /* Pods-PongUITests.debug.xcconfig */,
				20BB1BD848BFBC47428C6F56 /* Pods-PongUITests.release.xcconfig */,
			);
			name = Pods;
			sourceTree = "<group>";
		};
/* End PBXGroup section */

/* Begin PBXNativeTarget section */
		ABB929161F188273008D80AB /* Pong */ = {
			isa = PBXNativeTarget;
			buildConfigurationList = ABB929451F188273008D80AB /* Build configuration list for PBXNativeTarget "Pong" */;
			buildPhases = (
				1EE2F322C5195A6D4994E543 /* [CP] Check Pods Manifest.lock */,
				ABB929131F188273008D80AB /* Sources */,
				ABB929141F188273008D80AB /* Frameworks */,
				ABB929151F188273008D80AB /* Resources */,
				32190CC6AAE45E21E4FB3B85 /* [CP] Embed Pods Frameworks */,
				7B2EEEF23D81814C173E144A /* [CP] Copy Pods Resources */,
			);
			buildRules = (
			);
			dependencies = (
			);
			name = Pong;
			productName = Pong;
			productReference = ABB929171F188273008D80AB /* Pong.app */;
			productType = "com.apple.product-type.application";
		};
		ABB929301F188273008D80AB /* PongTests */ = {
			isa = PBXNativeTarget;
			buildConfigurationList = ABB929481F188273008D80AB /* Build configuration list for PBXNativeTarget "PongTests" */;
			buildPhases = (
				B73AAEA2B1AE12BDC8A9D913 /* [CP] Check Pods Manifest.lock */,
				ABB9292D1F188273008D80AB /* Sources */,
				ABB9292E1F188273008D80AB /* Frameworks */,
				ABB9292F1F188273008D80AB /* Resources */,
				9DE1B3540B759FC7BC672F0F /* [CP] Embed Pods Frameworks */,
				9F7373992FC7E117DAFCCAAD /* [CP] Copy Pods Resources */,
			);
			buildRules = (
			);
			dependencies = (
				ABB929331F188273008D80AB /* PBXTargetDependency */,
			);
			name = PongTests;
			productName = PongTests;
			productReference = ABB929311F188273008D80AB /* PongTests.xctest */;
			productType = "com.apple.product-type.bundle.unit-test";
		};
		ABB9293B1F188273008D80AB /* PongUITests */ = {
			isa = PBXNativeTarget;
			buildConfigurationList = ABB9294B1F188273008D80AB /* Build configuration list for PBXNativeTarget "PongUITests" */;
			buildPhases = (
				ED8E01598F70FD5993755793 /* [CP] Check Pods Manifest.lock */,
				ABB929381F188273008D80AB /* Sources */,
				ABB929391F188273008D80AB /* Frameworks */,
				ABB9293A1F188273008D80AB /* Resources */,
				2C18E3EB11A94BBD051EFB15 /* [CP] Embed Pods Frameworks */,
				E019A0EADD28DFF9FE3D7683 /* [CP] Copy Pods Resources */,
			);
			buildRules = (
			);
			dependencies = (
				ABB9293E1F188273008D80AB /* PBXTargetDependency */,
			);
			name = PongUITests;
			productName = PongUITests;
			productReference = ABB9293C1F188273008D80AB /* PongUITests.xctest */;
			productType = "com.apple.product-type.bundle.ui-testing";
		};
/* End PBXNativeTarget section */

/* Begin PBXProject section */
		ABB9290F1F188273008D80AB /* Project object */ = {
			isa = PBXProject;
			attributes = {
				LastSwiftUpdateCheck = 0830;
				LastUpgradeCheck = 0830;
				ORGANIZATIONNAME = "Harrison Heeb";
				TargetAttributes = {
					ABB929161F188273008D80AB = {
						CreatedOnToolsVersion = 8.3.3;
						DevelopmentTeam = A7BKXGVKGL;
						ProvisioningStyle = Automatic;
					};
					ABB929301F188273008D80AB = {
						CreatedOnToolsVersion = 8.3.3;
						DevelopmentTeam = A7BKXGVKGL;
						ProvisioningStyle = Automatic;
						TestTargetID = ABB929161F188273008D80AB;
					};
					ABB9293B1F188273008D80AB = {
						CreatedOnToolsVersion = 8.3.3;
						DevelopmentTeam = A7BKXGVKGL;
						ProvisioningStyle = Automatic;
						TestTargetID = ABB929161F188273008D80AB;
					};
				};
			};
			buildConfigurationList = ABB929121F188273008D80AB /* Build configuration list for PBXProject "Pong" */;
			compatibilityVersion = "Xcode 3.2";
			developmentRegion = English;
			hasScannedForEncodings = 0;
			knownRegions = (
				en,
				Base,
			);
			mainGroup = ABB9290E1F188273008D80AB;
			productRefGroup = ABB929181F188273008D80AB /* Products */;
			projectDirPath = "";
			projectRoot = "";
			targets = (
				ABB929161F188273008D80AB /* Pong */,
				ABB929301F188273008D80AB /* PongTests */,
				ABB9293B1F188273008D80AB /* PongUITests */,
			);
		};
/* End PBXProject section */

/* Begin PBXResourcesBuildPhase section */
		ABB929151F188273008D80AB /* Resources */ = {
			isa = PBXResourcesBuildPhase;
			buildActionMask = 2147483647;
			files = (
				ABB929261F188273008D80AB /* Main.storyboard in Resources */,
				ABB9291D1F188273008D80AB /* GameScene.sks in Resources */,
				ABB9298F1F19B4ED008D80AB /* Pokemon Hollow.ttf in Resources */,
				ABB929281F188273008D80AB /* Assets.xcassets in Resources */,
				ABB9292B1F188273008D80AB /* LaunchScreen.storyboard in Resources */,
				ABB9291F1F188273008D80AB /* Actions.sks in Resources */,
			);
			runOnlyForDeploymentPostprocessing = 0;
		};
		ABB9292F1F188273008D80AB /* Resources */ = {
			isa = PBXResourcesBuildPhase;
			buildActionMask = 2147483647;
			files = (
			);
			runOnlyForDeploymentPostprocessing = 0;
		};
		ABB9293A1F188273008D80AB /* Resources */ = {
			isa = PBXResourcesBuildPhase;
			buildActionMask = 2147483647;
			files = (
			);
			runOnlyForDeploymentPostprocessing = 0;
		};
/* End PBXResourcesBuildPhase section */

/* Begin PBXShellScriptBuildPhase section */
		1EE2F322C5195A6D4994E543 /* [CP] Check Pods Manifest.lock */ = {
			isa = PBXShellScriptBuildPhase;
			buildActionMask = 2147483647;
			files = (
			);
			inputPaths = (
				"${PODS_PODFILE_DIR_PATH}/Podfile.lock",
				"${PODS_ROOT}/Manifest.lock",
			);
			name = "[CP] Check Pods Manifest.lock";
			outputPaths = (
				"$(DERIVED_FILE_DIR)/Pods-Pong-checkManifestLockResult.txt",
			);
			runOnlyForDeploymentPostprocessing = 0;
			shellPath = /bin/sh;
			shellScript = "diff \"${PODS_PODFILE_DIR_PATH}/Podfile.lock\" \"${PODS_ROOT}/Manifest.lock\" > /dev/null\nif [ $? != 0 ] ; then\n    # print error to STDERR\n    echo \"error: The sandbox is not in sync with the Podfile.lock. Run 'pod install' or update your CocoaPods installation.\" >&2\n    exit 1\nfi\n# This output is used by Xcode 'outputs' to avoid re-running this script phase.\necho \"SUCCESS\" > \"${SCRIPT_OUTPUT_FILE_0}\"\n";
			showEnvVarsInLog = 0;
		};
		2C18E3EB11A94BBD051EFB15 /* [CP] Embed Pods Frameworks */ = {
			isa = PBXShellScriptBuildPhase;
			buildActionMask = 2147483647;
			files = (
			);
			inputPaths = (
			);
			name = "[CP] Embed Pods Frameworks";
			outputPaths = (
			);
			runOnlyForDeploymentPostprocessing = 0;
			shellPath = /bin/sh;
			shellScript = "\"${SRCROOT}/Pods/Target Support Files/Pods-PongUITests/Pods-PongUITests-frameworks.sh\"\n";
			showEnvVarsInLog = 0;
		};
		32190CC6AAE45E21E4FB3B85 /* [CP] Embed Pods Frameworks */ = {
			isa = PBXShellScriptBuildPhase;
			buildActionMask = 2147483647;
			files = (
			);
			inputPaths = (
			);
			name = "[CP] Embed Pods Frameworks";
			outputPaths = (
			);
			runOnlyForDeploymentPostprocessing = 0;
			shellPath = /bin/sh;
			shellScript = "\"${SRCROOT}/Pods/Target Support Files/Pods-Pong/Pods-Pong-frameworks.sh\"\n";
			showEnvVarsInLog = 0;
		};
		7B2EEEF23D81814C173E144A /* [CP] Copy Pods Resources */ = {
			isa = PBXShellScriptBuildPhase;
			buildActionMask = 2147483647;
			files = (
			);
			inputPaths = (
			);
			name = "[CP] Copy Pods Resources";
			outputPaths = (
			);
			runOnlyForDeploymentPostprocessing = 0;
			shellPath = /bin/sh;
			shellScript = "\"${SRCROOT}/Pods/Target Support Files/Pods-Pong/Pods-Pong-resources.sh\"\n";
			showEnvVarsInLog = 0;
		};
		9DE1B3540B759FC7BC672F0F /* [CP] Embed Pods Frameworks */ = {
			isa = PBXShellScriptBuildPhase;
			buildActionMask = 2147483647;
			files = (
			);
			inputPaths = (
			);
			name = "[CP] Embed Pods Frameworks";
			outputPaths = (
			);
			runOnlyForDeploymentPostprocessing = 0;
			shellPath = /bin/sh;
			shellScript = "\"${SRCROOT}/Pods/Target Support Files/Pods-PongTests/Pods-PongTests-frameworks.sh\"\n";
			showEnvVarsInLog = 0;
		};
		9F7373992FC7E117DAFCCAAD /* [CP] Copy Pods Resources */ = {
			isa = PBXShellScriptBuildPhase;
			buildActionMask = 2147483647;
			files = (
			);
			inputPaths = (
			);
			name = "[CP] Copy Pods Resources";
			outputPaths = (
			);
			runOnlyForDeploymentPostprocessing = 0;
			shellPath = /bin/sh;
			shellScript = "\"${SRCROOT}/Pods/Target Support Files/Pods-PongTests/Pods-PongTests-resources.sh\"\n";
			showEnvVarsInLog = 0;
		};
		B73AAEA2B1AE12BDC8A9D913 /* [CP] Check Pods Manifest.lock */ = {
			isa = PBXShellScriptBuildPhase;
			buildActionMask = 2147483647;
			files = (
			);
			inputPaths = (
				"${PODS_PODFILE_DIR_PATH}/Podfile.lock",
				"${PODS_ROOT}/Manifest.lock",
			);
			name = "[CP] Check Pods Manifest.lock";
			outputPaths = (
				"$(DERIVED_FILE_DIR)/Pods-PongTests-checkManifestLockResult.txt",
			);
			runOnlyForDeploymentPostprocessing = 0;
			shellPath = /bin/sh;
			shellScript = "diff \"${PODS_PODFILE_DIR_PATH}/Podfile.lock\" \"${PODS_ROOT}/Manifest.lock\" > /dev/null\nif [ $? != 0 ] ; then\n    # print error to STDERR\n    echo \"error: The sandbox is not in sync with the Podfile.lock. Run 'pod install' or update your CocoaPods installation.\" >&2\n    exit 1\nfi\n# This output is used by Xcode 'outputs' to avoid re-running this script phase.\necho \"SUCCESS\" > \"${SCRIPT_OUTPUT_FILE_0}\"\n";
			showEnvVarsInLog = 0;
		};
		E019A0EADD28DFF9FE3D7683 /* [CP] Copy Pods Resources */ = {
			isa = PBXShellScriptBuildPhase;
			buildActionMask = 2147483647;
			files = (
			);
			inputPaths = (
			);
			name = "[CP] Copy Pods Resources";
			outputPaths = (
			);
			runOnlyForDeploymentPostprocessing = 0;
			shellPath = /bin/sh;
			shellScript = "\"${SRCROOT}/Pods/Target Support Files/Pods-PongUITests/Pods-PongUITests-resources.sh\"\n";
			showEnvVarsInLog = 0;
		};
		ED8E01598F70FD5993755793 /* [CP] Check Pods Manifest.lock */ = {
			isa = PBXShellScriptBuildPhase;
			buildActionMask = 2147483647;
			files = (
			);
			inputPaths = (
				"${PODS_PODFILE_DIR_PATH}/Podfile.lock",
				"${PODS_ROOT}/Manifest.lock",
			);
			name = "[CP] Check Pods Manifest.lock";
			outputPaths = (
				"$(DERIVED_FILE_DIR)/Pods-PongUITests-checkManifestLockResult.txt",
			);
			runOnlyForDeploymentPostprocessing = 0;
			shellPath = /bin/sh;
			shellScript = "diff \"${PODS_PODFILE_DIR_PATH}/Podfile.lock\" \"${PODS_ROOT}/Manifest.lock\" > /dev/null\nif [ $? != 0 ] ; then\n    # print error to STDERR\n    echo \"error: The sandbox is not in sync with the Podfile.lock. Run 'pod install' or update your CocoaPods installation.\" >&2\n    exit 1\nfi\n# This output is used by Xcode 'outputs' to avoid re-running this script phase.\necho \"SUCCESS\" > \"${SCRIPT_OUTPUT_FILE_0}\"\n";
			showEnvVarsInLog = 0;
		};
/* End PBXShellScriptBuildPhase section */

/* Begin PBXSourcesBuildPhase section */
		ABB929131F188273008D80AB /* Sources */ = {
			isa = PBXSourcesBuildPhase;
			buildActionMask = 2147483647;
			files = (
				ABB929211F188273008D80AB /* GameScene.swift in Sources */,
				ABB929911F19C0C0008D80AB /* MenuVC.swift in Sources */,
				ABB929231F188273008D80AB /* GameViewController.swift in Sources */,
				ABB9291B1F188273008D80AB /* AppDelegate.swift in Sources */,
			);
			runOnlyForDeploymentPostprocessing = 0;
		};
		ABB9292D1F188273008D80AB /* Sources */ = {
			isa = PBXSourcesBuildPhase;
			buildActionMask = 2147483647;
			files = (
				ABB929361F188273008D80AB /* PongTests.swift in Sources */,
			);
			runOnlyForDeploymentPostprocessing = 0;
		};
		ABB929381F188273008D80AB /* Sources */ = {
			isa = PBXSourcesBuildPhase;
			buildActionMask = 2147483647;
			files = (
				ABB929411F188273008D80AB /* PongUITests.swift in Sources */,
			);
			runOnlyForDeploymentPostprocessing = 0;
		};
/* End PBXSourcesBuildPhase section */

/* Begin PBXTargetDependency section */
		ABB929331F188273008D80AB /* PBXTargetDependency */ = {
			isa = PBXTargetDependency;
			target = ABB929161F188273008D80AB /* Pong */;
			targetProxy = ABB929321F188273008D80AB /* PBXContainerItemProxy */;
		};
		ABB9293E1F188273008D80AB /* PBXTargetDependency */ = {
			isa = PBXTargetDependency;
			target = ABB929161F188273008D80AB /* Pong */;
			targetProxy = ABB9293D1F188273008D80AB /* PBXContainerItemProxy */;
		};
/* End PBXTargetDependency section */

/* Begin PBXVariantGroup section */
		ABB929241F188273008D80AB /* Main.storyboard */ = {
			isa = PBXVariantGroup;
			children = (
				ABB929251F188273008D80AB /* Base */,
			);
			name = Main.storyboard;
			sourceTree = "<group>";
		};
		ABB929291F188273008D80AB /* LaunchScreen.storyboard */ = {
			isa = PBXVariantGroup;
			children = (
				ABB9292A1F188273008D80AB /* Base */,
			);
			name = LaunchScreen.storyboard;
			sourceTree = "<group>";
		};
/* End PBXVariantGroup section */

/* Begin XCBuildConfiguration section */
		ABB929431F188273008D80AB /* Debug */ = {
			isa = XCBuildConfiguration;
			buildSettings = {
				ALWAYS_SEARCH_USER_PATHS = NO;
				CLANG_ANALYZER_NONNULL = YES;
				CLANG_ANALYZER_NUMBER_OBJECT_CONVERSION = YES_AGGRESSIVE;
				CLANG_CXX_LANGUAGE_STANDARD = "gnu++0x";
				CLANG_CXX_LIBRARY = "libc++";
				CLANG_ENABLE_MODULES = YES;
				CLANG_ENABLE_OBJC_ARC = YES;
				CLANG_WARN_BOOL_CONVERSION = YES;
				CLANG_WARN_CONSTANT_CONVERSION = YES;
				CLANG_WARN_DIRECT_OBJC_ISA_USAGE = YES_ERROR;
				CLANG_WARN_DOCUMENTATION_COMMENTS = YES;
				CLANG_WARN_EMPTY_BODY = YES;
				CLANG_WARN_ENUM_CONVERSION = YES;
				CLANG_WARN_INFINITE_RECURSION = YES;
				CLANG_WARN_INT_CONVERSION = YES;
				CLANG_WARN_OBJC_ROOT_CLASS = YES_ERROR;
				CLANG_WARN_SUSPICIOUS_MOVE = YES;
				CLANG_WARN_UNREACHABLE_CODE = YES;
				CLANG_WARN__DUPLICATE_METHOD_MATCH = YES;
				"CODE_SIGN_IDENTITY[sdk=iphoneos*]" = "iPhone Developer";
				COPY_PHASE_STRIP = NO;
				DEBUG_INFORMATION_FORMAT = dwarf;
				ENABLE_STRICT_OBJC_MSGSEND = YES;
				ENABLE_TESTABILITY = YES;
				GCC_C_LANGUAGE_STANDARD = gnu99;
				GCC_DYNAMIC_NO_PIC = NO;
				GCC_NO_COMMON_BLOCKS = YES;
				GCC_OPTIMIZATION_LEVEL = 0;
				GCC_PREPROCESSOR_DEFINITIONS = (
					"DEBUG=1",
					"$(inherited)",
				);
				GCC_WARN_64_TO_32_BIT_CONVERSION = YES;
				GCC_WARN_ABOUT_RETURN_TYPE = YES_ERROR;
				GCC_WARN_UNDECLARED_SELECTOR = YES;
				GCC_WARN_UNINITIALIZED_AUTOS = YES_AGGRESSIVE;
				GCC_WARN_UNUSED_FUNCTION = YES;
				GCC_WARN_UNUSED_VARIABLE = YES;
				IPHONEOS_DEPLOYMENT_TARGET = 10.3;
				MTL_ENABLE_DEBUG_INFO = YES;
				ONLY_ACTIVE_ARCH = YES;
				SDKROOT = iphoneos;
				SWIFT_ACTIVE_COMPILATION_CONDITIONS = DEBUG;
				SWIFT_OPTIMIZATION_LEVEL = "-Onone";
			};
			name = Debug;
		};
		ABB929441F188273008D80AB /* Release */ = {
			isa = XCBuildConfiguration;
			buildSettings = {
				ALWAYS_SEARCH_USER_PATHS = NO;
				CLANG_ANALYZER_NONNULL = YES;
				CLANG_ANALYZER_NUMBER_OBJECT_CONVERSION = YES_AGGRESSIVE;
				CLANG_CXX_LANGUAGE_STANDARD = "gnu++0x";
				CLANG_CXX_LIBRARY = "libc++";
				CLANG_ENABLE_MODULES = YES;
				CLANG_ENABLE_OBJC_ARC = YES;
				CLANG_WARN_BOOL_CONVERSION = YES;
				CLANG_WARN_CONSTANT_CONVERSION = YES;
				CLANG_WARN_DIRECT_OBJC_ISA_USAGE = YES_ERROR;
				CLANG_WARN_DOCUMENTATION_COMMENTS = YES;
				CLANG_WARN_EMPTY_BODY = YES;
				CLANG_WARN_ENUM_CONVERSION = YES;
				CLANG_WARN_INFINITE_RECURSION = YES;
				CLANG_WARN_INT_CONVERSION = YES;
				CLANG_WARN_OBJC_ROOT_CLASS = YES_ERROR;
				CLANG_WARN_SUSPICIOUS_MOVE = YES;
				CLANG_WARN_UNREACHABLE_CODE = YES;
				CLANG_WARN__DUPLICATE_METHOD_MATCH = YES;
				"CODE_SIGN_IDENTITY[sdk=iphoneos*]" = "iPhone Developer";
				COPY_PHASE_STRIP = NO;
				DEBUG_INFORMATION_FORMAT = "dwarf-with-dsym";
				ENABLE_NS_ASSERTIONS = NO;
				ENABLE_STRICT_OBJC_MSGSEND = YES;
				GCC_C_LANGUAGE_STANDARD = gnu99;
				GCC_NO_COMMON_BLOCKS = YES;
				GCC_WARN_64_TO_32_BIT_CONVERSION = YES;
				GCC_WARN_ABOUT_RETURN_TYPE = YES_ERROR;
				GCC_WARN_UNDECLARED_SELECTOR = YES;
				GCC_WARN_UNINITIALIZED_AUTOS = YES_AGGRESSIVE;
				GCC_WARN_UNUSED_FUNCTION = YES;
				GCC_WARN_UNUSED_VARIABLE = YES;
				IPHONEOS_DEPLOYMENT_TARGET = 10.3;
				MTL_ENABLE_DEBUG_INFO = NO;
				SDKROOT = iphoneos;
				SWIFT_OPTIMIZATION_LEVEL = "-Owholemodule";
				VALIDATE_PRODUCT = YES;
			};
			name = Release;
		};
		ABB929461F188273008D80AB /* Debug */ = {
			isa = XCBuildConfiguration;
			baseConfigurationReference = 953A86C3F5FB5F88CCC6014D /* Pods-Pong.debug.xcconfig */;
			buildSettings = {
				ALWAYS_EMBED_SWIFT_STANDARD_LIBRARIES = NO;
				ASSETCATALOG_COMPILER_APPICON_NAME = AppIcon;
				CODE_SIGN_IDENTITY = "iPhone Distribution";
				"CODE_SIGN_IDENTITY[sdk=iphoneos*]" = "iPhone Developer";
				CODE_SIGN_STYLE = Automatic;
				DEVELOPMENT_TEAM = "";
				INFOPLIST_FILE = Pong/Info.plist;
				LD_RUNPATH_SEARCH_PATHS = "$(inherited) @executable_path/Frameworks";
				PRODUCT_BUNDLE_IDENTIFIER = com.harrisonheeb.himynameisharryimakegames;
				PRODUCT_NAME = "$(TARGET_NAME)";
				PROVISIONING_PROFILE = "";
				PROVISIONING_PROFILE_SPECIFIER = "";
				SWIFT_VERSION = 3.0;
			};
			name = Debug;
		};
		ABB929471F188273008D80AB /* Release */ = {
			isa = XCBuildConfiguration;
			baseConfigurationReference = 4057EF3668748984F7C54252 /* Pods-Pong.release.xcconfig */;
			buildSettings = {
				ALWAYS_EMBED_SWIFT_STANDARD_LIBRARIES = NO;
				ASSETCATALOG_COMPILER_APPICON_NAME = AppIcon;
				CODE_SIGN_IDENTITY = "iPhone Distribution";
				"CODE_SIGN_IDENTITY[sdk=iphoneos*]" = "iPhone Developer";
				CODE_SIGN_STYLE = Automatic;
				DEVELOPMENT_TEAM = "";
				INFOPLIST_FILE = Pong/Info.plist;
				LD_RUNPATH_SEARCH_PATHS = "$(inherited) @executable_path/Frameworks";
				PRODUCT_BUNDLE_IDENTIFIER = com.harrisonheeb.himynameisharryimakegames;
				PRODUCT_NAME = "$(TARGET_NAME)";
				PROVISIONING_PROFILE = "";
				PROVISIONING_PROFILE_SPECIFIER = "";
				SWIFT_VERSION = 3.0;
			};
			name = Release;
		};
		ABB929491F188273008D80AB /* Debug */ = {
			isa = XCBuildConfiguration;
			baseConfigurationReference = C84B11D88EFD914B619D9AF7 /* Pods-PongTests.debug.xcconfig */;
			buildSettings = {
				ALWAYS_EMBED_SWIFT_STANDARD_LIBRARIES = YES;
				BUNDLE_LOADER = "$(TEST_HOST)";
				DEVELOPMENT_TEAM = A7BKXGVKGL;
				INFOPLIST_FILE = PongTests/Info.plist;
				LD_RUNPATH_SEARCH_PATHS = "$(inherited) @executable_path/Frameworks @loader_path/Frameworks";
				PRODUCT_BUNDLE_IDENTIFIER = com.harrisonheeb.PongTests;
				PRODUCT_NAME = "$(TARGET_NAME)";
				SWIFT_VERSION = 3.0;
				TEST_HOST = "$(BUILT_PRODUCTS_DIR)/Pong.app/Pong";
			};
			name = Debug;
		};
		ABB9294A1F188273008D80AB /* Release */ = {
			isa = XCBuildConfiguration;
			baseConfigurationReference = 3ACF0158477BF1307BB5E92E /* Pods-PongTests.release.xcconfig */;
			buildSettings = {
				ALWAYS_EMBED_SWIFT_STANDARD_LIBRARIES = YES;
				BUNDLE_LOADER = "$(TEST_HOST)";
				DEVELOPMENT_TEAM = A7BKXGVKGL;
				INFOPLIST_FILE = PongTests/Info.plist;
				LD_RUNPATH_SEARCH_PATHS = "$(inherited) @executable_path/Frameworks @loader_path/Frameworks";
				PRODUCT_BUNDLE_IDENTIFIER = com.harrisonheeb.PongTests;
				PRODUCT_NAME = "$(TARGET_NAME)";
				SWIFT_VERSION = 3.0;
				TEST_HOST = "$(BUILT_PRODUCTS_DIR)/Pong.app/Pong";
			};
			name = Release;
		};
		ABB9294C1F188273008D80AB /* Debug */ = {
			isa = XCBuildConfiguration;
			baseConfigurationReference = 58FC3FA1D0D73D4D8D6EA6D7 /* Pods-PongUITests.debug.xcconfig */;
			buildSettings = {
				ALWAYS_EMBED_SWIFT_STANDARD_LIBRARIES = YES;
				DEVELOPMENT_TEAM = A7BKXGVKGL;
				INFOPLIST_FILE = PongUITests/Info.plist;
				LD_RUNPATH_SEARCH_PATHS = "$(inherited) @executable_path/Frameworks @loader_path/Frameworks";
				PRODUCT_BUNDLE_IDENTIFIER = com.harrisonheeb.PongUITests;
				PRODUCT_NAME = "$(TARGET_NAME)";
				SWIFT_VERSION = 3.0;
				TEST_TARGET_NAME = Pong;
			};
			name = Debug;
		};
		ABB9294D1F188273008D80AB /* Release */ = {
			isa = XCBuildConfiguration;
			baseConfigurationReference = 20BB1BD848BFBC47428C6F56 /* Pods-PongUITests.release.xcconfig */;
			buildSettings = {
				ALWAYS_EMBED_SWIFT_STANDARD_LIBRARIES = YES;
				DEVELOPMENT_TEAM = A7BKXGVKGL;
				INFOPLIST_FILE = PongUITests/Info.plist;
				LD_RUNPATH_SEARCH_PATHS = "$(inherited) @executable_path/Frameworks @loader_path/Frameworks";
				PRODUCT_BUNDLE_IDENTIFIER = com.harrisonheeb.PongUITests;
				PRODUCT_NAME = "$(TARGET_NAME)";
				SWIFT_VERSION = 3.0;
				TEST_TARGET_NAME = Pong;
			};
			name = Release;
		};
/* End XCBuildConfiguration section */

/* Begin XCConfigurationList section */
		ABB929121F188273008D80AB /* Build configuration list for PBXProject "Pong" */ = {
			isa = XCConfigurationList;
			buildConfigurations = (
				ABB929431F188273008D80AB /* Debug */,
				ABB929441F188273008D80AB /* Release */,
			);
			defaultConfigurationIsVisible = 0;
			defaultConfigurationName = Release;
		};
		ABB929451F188273008D80AB /* Build configuration list for PBXNativeTarget "Pong" */ = {
			isa = XCConfigurationList;
			buildConfigurations = (
				ABB929461F188273008D80AB /* Debug */,
				ABB929471F188273008D80AB /* Release */,
			);
			defaultConfigurationIsVisible = 0;
			defaultConfigurationName = Release;
		};
		ABB929481F188273008D80AB /* Build configuration list for PBXNativeTarget "PongTests" */ = {
			isa = XCConfigurationList;
			buildConfigurations = (
				ABB929491F188273008D80AB /* Debug */,
				ABB9294A1F188273008D80AB /* Release */,
			);
			defaultConfigurationIsVisible = 0;
			defaultConfigurationName = Release;
		};
		ABB9294B1F188273008D80AB /* Build configuration list for PBXNativeTarget "PongUITests" */ = {
			isa = XCConfigurationList;
			buildConfigurations = (
				ABB9294C1F188273008D80AB /* Debug */,
				ABB9294D1F188273008D80AB /* Release */,
			);
			defaultConfigurationIsVisible = 0;
			defaultConfigurationName = Release;
		};
/* End XCConfigurationList section */
	};
	rootObject = ABB9290F1F188273008D80AB /* Project object */;
}
